
Microsoft Visual Studio Solution File, Format Version 12.00
# Visual Studio Version 17
VisualStudioVersion = 17.0.31808.319
MinimumVisualStudioVersion = 10.0.40219.1
Project("{FAE04EC0-301F-11D3-BF4B-00C04F79EFBC}") = "Artex", "Artex\Artex.csproj", "{86071452-AC26-40C9-BD45-51E6FF2C7778}"
EndProject
Global
	GlobalSection(SolutionConfigurationPlatforms) = preSolution
		Debug|Any CPU = Debug|Any CPU
		Release|Any CPU = Release|Any CPU
	EndGlobalSection
	GlobalSection(ProjectConfigurationPlatforms) = postSolution
		{86071452-AC26-40C9-BD45-51E6FF2C7778}.Debug|Any CPU.ActiveCfg = Debug|Any CPU
		{86071452-AC26-40C9-BD45-51E6FF2C7778}.Debug|Any CPU.Build.0 = Debug|Any CPU
		{86071452-AC26-40C9-BD45-51E6FF2C7778}.Release|Any CPU.ActiveCfg = Release|Any CPU
		{86071452-AC26-40C9-BD45-51E6FF2C7778}.Release|Any CPU.Build.0 = Release|Any CPU
	EndGlobalSection
	GlobalSection(SolutionProperties) = preSolution
		HideSolutionNode = FALSE
	EndGlobalSection
	GlobalSection(ExtensibilityGlobals) = postSolution
		SolutionGuid = {A11C92B3-C5A8-42A7-84AD-D77F3B259B2D}
	EndGlobalSection
EndGlobal
